<Solution>
  <Project Path="DevSource.ObjectMapping.Sample.Conventions/DevSource.ObjectMapping.Sample.Conventions.csproj" />
  <Project Path="DevSource.ObjectMapping.Sample.Customization/DevSource.ObjectMapping.Sample.Customization.csproj" />
  <Project Path="DevSource.ObjectMapping.Sample.NestedCollections/DevSource.ObjectMapping.Sample.NestedCollections.csproj" />
  <Project Path="DevSource.ObjectMapping.Sample/DevSource.ObjectMapping.Sample.csproj" />
</Solution>
